# THIS IS AN AUTOGENERATED FILE. DO NOT EDIT THIS FILE DIRECTLY.
# yarn lockfile v1


minimist@0.0.8, "minimist@ssh://github.com/substack/minimist.git#0.0.8":
  version "0.0.8"
  resolved "ssh://github.com/substack/minimist.git#3754568bfd43a841d2d72d7fb54598635aea8fa4"

mkdirp@^0.5.1, "mkdirp@ssh://github.com/substack/node-mkdirp.git#0.5.1":
  version "0.5.1"
  resolved "https://registry.yarnpkg.com/mkdirp/-/mkdirp-0.5.1.tgz#30057438eac6cf7f8c4767f38648d6697d75c903"
  dependencies:
    minimist "0.0.8"

ncp@^2.0.0, "ncp@ssh://github.com/AvianFlu/ncp.git#v2.0.0":
  version "2.0.0"
  resolved "ssh://github.com/AvianFlu/ncp.git#93c7c6c719e2a4944dc09a16178b09aef428cdf0"

"uboostrap-texturedithering@ssh://github.com/minhhh/unity-texture-dither.git#v0.0.2":
  version "0.0.2"
  resolved "ssh://github.com/minhhh/unity-texture-dither.git#ab6d223334c16fa48b8a9faf3e3171c43dbfa40f"
  dependencies:
    mkdirp "^0.5.1"
    ncp "^2.0.0"
    ubootstrap-core "ssh://github.com/minhhh/UBootstrap.Core.git#v0.0.2"

"uboostrap-webp@ssh://github.com/minhhh/UBootstrap.Webp.git#v0.0.2":
  version "0.0.2"
  resolved "ssh://github.com/minhhh/UBootstrap.Webp.git#1751ddeb213e2bd302bc64a078ad921f23a23ebf"
  dependencies:
    minimist "ssh://github.com/substack/minimist.git#0.0.8"
    mkdirp "ssh://github.com/substack/node-mkdirp.git#0.5.1"
    ncp "ssh://github.com/AvianFlu/ncp.git#v2.0.0"
    webp-unity3d "ssh://github.com/minhhh/webp-unity3d.git#v0.0.2"

"ubootstrap-core@ssh://github.com/minhhh/UBootstrap.Core.git#v0.0.2", "ubootstrap-core@ssh://github.com/minhhh/UBootstrap.Core.git#v0.0.3":
  version "0.0.3"
  resolved "ssh://github.com/minhhh/UBootstrap.Core.git#3d377181d4b9e0bf856cd0037928dbcefe1c0613"
  dependencies:
    mkdirp "^0.5.1"
    ncp "^2.0.0"

"webp-unity3d@ssh://github.com/minhhh/webp-unity3d.git#v0.0.2":
  version "0.0.2"
  resolved "ssh://github.com/minhhh/webp-unity3d.git#c4d9ea1d45f6bd0570a175e0b727a74faadb3e8b"
  dependencies:
    minimist "ssh://github.com/substack/minimist.git#0.0.8"
    mkdirp "ssh://github.com/substack/node-mkdirp.git#0.5.1"
    ncp "ssh://github.com/AvianFlu/ncp.git#v2.0.0"
